
Microsoft Visual Studio Solution File, Format Version 12.00
# Visual Studio Version 17
VisualStudioVersion = 17.4.33110.190
MinimumVisualStudioVersion = 10.0.40219.1
Project("{FAE04EC0-301F-11D3-BF4B-00C04F79EFBC}") = "Presentation", "Presentation\Presentation.csproj", "{B771A437-E9BC-45CD-924C-2EEB4D46790B}"
EndProject
Global
	GlobalSection(SolutionConfigurationPlatforms) = preSolution
		Debug|Any CPU = Debug|Any CPU
		Release|Any CPU = Release|Any CPU
	EndGlobalSection
	GlobalSection(ProjectConfigurationPlatforms) = postSolution
		{B771A437-E9BC-45CD-924C-2EEB4D46790B}.Debug|Any CPU.ActiveCfg = Debug|Any CPU
		{B771A437-E9BC-45CD-924C-2EEB4D46790B}.Debug|Any CPU.Build.0 = Debug|Any CPU
		{B771A437-E9BC-45CD-924C-2EEB4D46790B}.Release|Any CPU.ActiveCfg = Release|Any CPU
		{B771A437-E9BC-45CD-924C-2EEB4D46790B}.Release|Any CPU.Build.0 = Release|Any CPU
	EndGlobalSection
	GlobalSection(SolutionProperties) = preSolution
		HideSolutionNode = FALSE
	EndGlobalSection
	GlobalSection(ExtensibilityGlobals) = postSolution
		SolutionGuid = {8A272F0B-9445-4557-9937-D56872653F72}
	EndGlobalSection
EndGlobal
